
Microsoft Visual Studio Solution File, Format Version 12.00
# Visual Studio Version 17
VisualStudioVersion = 17.7.34024.191
MinimumVisualStudioVersion = 10.0.40219.1
Project("{FAE04EC0-301F-11D3-BF4B-00C04F79EFBC}") = "LanguageChangeTest", "LanguageChangeTest\LanguageChangeTest.csproj", "{A6206AA7-CB5F-41CA-BFC8-C9F39DF642EC}"
EndProject
Project("{FAE04EC0-301F-11D3-BF4B-00C04F79EFBC}") = "SecondPageObject", "SecondPageObject\SecondPageObject.csproj", "{DF500583-8C47-49B9-BC96-DE346642756D}"
EndProject
Global
	GlobalSection(SolutionConfigurationPlatforms) = preSolution
		Debug|Any CPU = Debug|Any CPU
		Release|Any CPU = Release|Any CPU
	EndGlobalSection
	GlobalSection(ProjectConfigurationPlatforms) = postSolution
		{A6206AA7-CB5F-41CA-BFC8-C9F39DF642EC}.Debug|Any CPU.ActiveCfg = Debug|Any CPU
		{A6206AA7-CB5F-41CA-BFC8-C9F39DF642EC}.Debug|Any CPU.Build.0 = Debug|Any CPU
		{A6206AA7-CB5F-41CA-BFC8-C9F39DF642EC}.Release|Any CPU.ActiveCfg = Release|Any CPU
		{A6206AA7-CB5F-41CA-BFC8-C9F39DF642EC}.Release|Any CPU.Build.0 = Release|Any CPU
		{DF500583-8C47-49B9-BC96-DE346642756D}.Debug|Any CPU.ActiveCfg = Debug|Any CPU
		{DF500583-8C47-49B9-BC96-DE346642756D}.Debug|Any CPU.Build.0 = Debug|Any CPU
		{DF500583-8C47-49B9-BC96-DE346642756D}.Release|Any CPU.ActiveCfg = Release|Any CPU
		{DF500583-8C47-49B9-BC96-DE346642756D}.Release|Any CPU.Build.0 = Release|Any CPU
	EndGlobalSection
	GlobalSection(SolutionProperties) = preSolution
		HideSolutionNode = FALSE
	EndGlobalSection
	GlobalSection(ExtensibilityGlobals) = postSolution
		SolutionGuid = {B7CDE961-B311-429C-8CDC-EF9A11134098}
	EndGlobalSection
EndGlobal
