
Microsoft Visual Studio Solution File, Format Version 12.00
# Visual Studio Version 17
VisualStudioVersion = 17.7.34024.191
MinimumVisualStudioVersion = 10.0.40219.1
Project("{FAE04EC0-301F-11D3-BF4B-00C04F79EFBC}") = "lab7", "lab7\lab7.csproj", "{A3065ECB-4C44-47A6-A749-B7FA44FCD8D5}"
EndProject
Project("{FAE04EC0-301F-11D3-BF4B-00C04F79EFBC}") = "lab7UnitTests", "lab7UnitTests\lab7UnitTests.csproj", "{B29961D3-FB7E-4AB7-A03D-AA65FA80BD40}"
EndProject
Global
	GlobalSection(SolutionConfigurationPlatforms) = preSolution
		Debug|Any CPU = Debug|Any CPU
		Release|Any CPU = Release|Any CPU
	EndGlobalSection
	GlobalSection(ProjectConfigurationPlatforms) = postSolution
		{A3065ECB-4C44-47A6-A749-B7FA44FCD8D5}.Debug|Any CPU.ActiveCfg = Debug|Any CPU
		{A3065ECB-4C44-47A6-A749-B7FA44FCD8D5}.Debug|Any CPU.Build.0 = Debug|Any CPU
		{A3065ECB-4C44-47A6-A749-B7FA44FCD8D5}.Release|Any CPU.ActiveCfg = Release|Any CPU
		{A3065ECB-4C44-47A6-A749-B7FA44FCD8D5}.Release|Any CPU.Build.0 = Release|Any CPU
		{B29961D3-FB7E-4AB7-A03D-AA65FA80BD40}.Debug|Any CPU.ActiveCfg = Debug|Any CPU
		{B29961D3-FB7E-4AB7-A03D-AA65FA80BD40}.Debug|Any CPU.Build.0 = Debug|Any CPU
		{B29961D3-FB7E-4AB7-A03D-AA65FA80BD40}.Release|Any CPU.ActiveCfg = Release|Any CPU
		{B29961D3-FB7E-4AB7-A03D-AA65FA80BD40}.Release|Any CPU.Build.0 = Release|Any CPU
	EndGlobalSection
	GlobalSection(SolutionProperties) = preSolution
		HideSolutionNode = FALSE
	EndGlobalSection
	GlobalSection(ExtensibilityGlobals) = postSolution
		SolutionGuid = {38B72BEE-F6EE-4059-ABF0-708271D966EA}
	EndGlobalSection
EndGlobal
